
Microsoft Visual Studio Solution File, Format Version 12.00
# Visual Studio 15
VisualStudioVersion = 15.0.28010.2046
MinimumVisualStudioVersion = 10.0.40219.1
Project("{FAE04EC0-301F-11D3-BF4B-00C04F79EFBC}") = "COMP123-S2019-Assignment05", "COMP123-S2019-Assignment05\COMP123-S2019-Assignment05.csproj", "{B0D73A8F-7334-4FCB-AEBA-C2EB5D997C54}"
EndProject
Global
	GlobalSection(SolutionConfigurationPlatforms) = preSolution
		Debug|Any CPU = Debug|Any CPU
		Release|Any CPU = Release|Any CPU
	EndGlobalSection
	GlobalSection(ProjectConfigurationPlatforms) = postSolution
		{B0D73A8F-7334-4FCB-AEBA-C2EB5D997C54}.Debug|Any CPU.ActiveCfg = Debug|Any CPU
		{B0D73A8F-7334-4FCB-AEBA-C2EB5D997C54}.Debug|Any CPU.Build.0 = Debug|Any CPU
		{B0D73A8F-7334-4FCB-AEBA-C2EB5D997C54}.Release|Any CPU.ActiveCfg = Release|Any CPU
		{B0D73A8F-7334-4FCB-AEBA-C2EB5D997C54}.Release|Any CPU.Build.0 = Release|Any CPU
	EndGlobalSection
	GlobalSection(SolutionProperties) = preSolution
		HideSolutionNode = FALSE
	EndGlobalSection
	GlobalSection(ExtensibilityGlobals) = postSolution
		SolutionGuid = {4191960A-82F9-4AAD-A1E3-092B57FE76CE}
	EndGlobalSection
EndGlobal
